{
  "version": 4,
  "terraform_version": "1.5.7",
  "serial": 8,
  "lineage": "c2ad2d00-9cb7-23a0-caa4-66760344a5fb",
  "outputs": {},
  "resources": [
    {
      "module": "module.snowflake_resource_lt",
      "mode": "managed",
      "type": "snowflake_table",
      "name": "tables",
      "provider": "module.snowflake_resource_lt.provider[\"registry.terraform.io/snowflake-labs/snowflake\"]",
      "instances": [
        {
          "index_key": "employees",
          "schema_version": 0,
          "attributes": {
            "change_tracking": false,
            "cluster_by": [],
            "column": [
              {
                "comment": "従業員ID",
                "default": [],
                "identity": [],
                "masking_policy": "",
                "name": "EMPLOYEE_ID",
                "nullable": false,
                "type": "NUMBER(38,0)"
              },
              {
                "comment": "名",
                "default": [],
                "identity": [],
                "masking_policy": "",
                "name": "FIRST_NAME",
                "nullable": true,
                "type": "VARCHAR(50)"
              },
              {
                "comment": "姓",
                "default": [],
                "identity": [],
                "masking_policy": "",
                "name": "LAST_NAME",
                "nullable": true,
                "type": "VARCHAR(50)"
              },
              {
                "comment": "給与",
                "default": [],
                "identity": [],
                "masking_policy": "",
                "name": "SALARY",
                "nullable": true,
                "type": "NUMBER(10,2)"
              },
              {
                "comment": "入社日",
                "default": [],
                "identity": [],
                "masking_policy": "",
                "name": "HIRE_DATE",
                "nullable": true,
                "type": "DATE"
              }
            ],
            "comment": "従業員マスター",
            "data_retention_days": null,
            "data_retention_time_in_days": null,
            "database": "DEV_YAMAGUCHI_DBT",
            "id": "DEV_YAMAGUCHI_DBT|DATA_CATALOG_LT|EMPLOYEES",
            "name": "EMPLOYEES",
            "owner": "ACCOUNTADMIN",
            "primary_key": [],
            "qualified_name": "\"DEV_YAMAGUCHI_DBT\".\"DATA_CATALOG_LT\".\"EMPLOYEES\"",
            "schema": "DATA_CATALOG_LT",
            "tag": []
          },
          "sensitive_attributes": [],
          "private": "bnVsbA=="
        },
        {
          "index_key": "users",
          "schema_version": 0,
          "attributes": {
            "change_tracking": false,
            "cluster_by": [],
            "column": [
              {
                "comment": "ユーザーID",
                "default": [],
                "identity": [],
                "masking_policy": "",
                "name": "ID",
                "nullable": false,
                "type": "NUMBER(38,0)"
              },
              {
                "comment": "名前",
                "default": [],
                "identity": [],
                "masking_policy": "",
                "name": "NAME",
                "nullable": true,
                "type": "VARCHAR(100)"
              },
              {
                "comment": "設定",
                "default": [],
                "identity": [],
                "masking_policy": "",
                "name": "PREFERENCES",
                "nullable": true,
                "type": "VARIANT"
              },
              {
                "comment": "作成日",
                "default": [],
                "identity": [],
                "masking_policy": "",
                "name": "CREATED_AT",
                "nullable": true,
                "type": "TIMESTAMP_NTZ(9)"
              }
            ],
            "comment": "ユーザーマスター",
            "data_retention_days": null,
            "data_retention_time_in_days": null,
            "database": "DEV_YAMAGUCHI_DBT",
            "id": "DEV_YAMAGUCHI_DBT|DATA_CATALOG_LT|USERS",
            "name": "USERS",
            "owner": "ACCOUNTADMIN",
            "primary_key": [],
            "qualified_name": "\"DEV_YAMAGUCHI_DBT\".\"DATA_CATALOG_LT\".\"USERS\"",
            "schema": "DATA_CATALOG_LT",
            "tag": []
          },
          "sensitive_attributes": [],
          "private": "bnVsbA=="
        }
      ]
    }
  ],
  "check_results": null
}
